// !$*UTF8*$!
{
	archiveVersion = 1;
	classes = {
	};
	objectVersion = 77;
	objects = {

/* Begin PBXBuildFile section */
		BC5CCE322CDBAC2E00B0CC26 /* OpenRoaming in Frameworks */ = {isa = PBXBuildFile; productRef = BC5CCE312CDBAC2E00B0CC26 /* OpenRoaming */; };
		BC5CCE602CDBAC9A00B0CC26 /* WifiOpenRoamingClip.app in Embed App Clips */ = {isa = PBXBuildFile; fileRef = BC5CCE512CDBAC9800B0CC26 /* WifiOpenRoamingClip.app */; settings = {ATTRIBUTES = (RemoveHeadersOnCopy, ); }; };
		BCD8BBC32CDC9AE700834AC4 /* OpenRoaming in Frameworks */ = {isa = PBXBuildFile; productRef = BCD8BBC22CDC9AE700834AC4 /* OpenRoaming */; };
/* End PBXBuildFile section */

/* Begin PBXContainerItemProxy section */
		BC5CCE5E2CDBAC9A00B0CC26 /* PBXContainerItemProxy */ = {
			isa = PBXContainerItemProxy;
			containerPortal = BC5CCE172CDBAC1600B0CC26 /* Project object */;
			proxyType = 1;
			remoteGlobalIDString = BC5CCE502CDBAC9800B0CC26;
			remoteInfo = WifiOpenRoamingClip;
		};
/* End PBXContainerItemProxy section */

/* Begin PBXCopyFilesBuildPhase section */
		BC5CCE652CDBAC9A00B0CC26 /* Embed App Clips */ = {
			isa = PBXCopyFilesBuildPhase;
			buildActionMask = 2147483647;
			dstPath = "$(CONTENTS_FOLDER_PATH)/AppClips";
			dstSubfolderSpec = 16;
			files = (
				BC5CCE602CDBAC9A00B0CC26 /* WifiOpenRoamingClip.app in Embed App Clips */,
			);
			name = "Embed App Clips";
			runOnlyForDeploymentPostprocessing = 0;
		};
/* End PBXCopyFilesBuildPhase section */

/* Begin PBXFileReference section */
		BC5CCE1F2CDBAC1600B0CC26 /* WifiOpenRoaming.app */ = {isa = PBXFileReference; explicitFileType = wrapper.application; includeInIndex = 0; path = WifiOpenRoaming.app; sourceTree = BUILT_PRODUCTS_DIR; };
		BC5CCE512CDBAC9800B0CC26 /* WifiOpenRoamingClip.app */ = {isa = PBXFileReference; explicitFileType = wrapper.application; includeInIndex = 0; path = WifiOpenRoamingClip.app; sourceTree = BUILT_PRODUCTS_DIR; };
/* End PBXFileReference section */

/* Begin PBXFileSystemSynchronizedBuildFileExceptionSet section */
		BC5CCE612CDBAC9A00B0CC26 /* Exceptions for "WifiOpenRoamingClip" folder in "WifiOpenRoamingClip" target */ = {
			isa = PBXFileSystemSynchronizedBuildFileExceptionSet;
			membershipExceptions = (
				Info.plist,
			);
			target = BC5CCE502CDBAC9800B0CC26 /* WifiOpenRoamingClip */;
		};
		BCD8BBB52CDC9AB700834AC4 /* Exceptions for "WifiOpenRoaming" folder in "WifiOpenRoamingClip" target */ = {
			isa = PBXFileSystemSynchronizedBuildFileExceptionSet;
			membershipExceptions = (
				Design/WifiButtonStyle.swift,
				Design/WifiCheckboxStyle.swift,
				Design/WifiFontStyle.swift,
				Design/WifiHeader.swift,
				Design/WifiImageStyle.swift,
				Design/WifiLoadingView.swift,
				LoadExperienceView.swift,
				Wifi/WifiInformationViewModel.swift,
				Wifi/WifiMainView.swift,
				Wifi/WifiNoProfileInstalled.swift,
				Wifi/WifiProfileInstalled.swift,
				Wifi/WifiSDKViewModel.swift,
			);
			target = BC5CCE502CDBAC9800B0CC26 /* WifiOpenRoamingClip */;
		};
/* End PBXFileSystemSynchronizedBuildFileExceptionSet section */

/* Begin PBXFileSystemSynchronizedRootGroup section */
		BC5CCE212CDBAC1600B0CC26 /* WifiOpenRoaming */ = {
			isa = PBXFileSystemSynchronizedRootGroup;
			exceptions = (
				BCD8BBB52CDC9AB700834AC4 /* Exceptions for "WifiOpenRoaming" folder in "WifiOpenRoamingClip" target */,
			);
			path = WifiOpenRoaming;
			sourceTree = "<group>";
		};
		BC5CCE522CDBAC9800B0CC26 /* WifiOpenRoamingClip */ = {
			isa = PBXFileSystemSynchronizedRootGroup;
			exceptions = (
				BC5CCE612CDBAC9A00B0CC26 /* Exceptions for "WifiOpenRoamingClip" folder in "WifiOpenRoamingClip" target */,
			);
			path = WifiOpenRoamingClip;
			sourceTree = "<group>";
		};
/* End PBXFileSystemSynchronizedRootGroup section */

/* Begin PBXFrameworksBuildPhase section */
		BC5CCE1C2CDBAC1600B0CC26 /* Frameworks */ = {
			isa = PBXFrameworksBuildPhase;
			buildActionMask = 2147483647;
			files = (
				BC5CCE322CDBAC2E00B0CC26 /* OpenRoaming in Frameworks */,
			);
			runOnlyForDeploymentPostprocessing = 0;
		};
		BC5CCE4E2CDBAC9800B0CC26 /* Frameworks */ = {
			isa = PBXFrameworksBuildPhase;
			buildActionMask = 2147483647;
			files = (
				BCD8BBC32CDC9AE700834AC4 /* OpenRoaming in Frameworks */,
			);
			runOnlyForDeploymentPostprocessing = 0;
		};
/* End PBXFrameworksBuildPhase section */

/* Begin PBXGroup section */
		BC5CCE162CDBAC1600B0CC26 = {
			isa = PBXGroup;
			children = (
				BC5CCE212CDBAC1600B0CC26 /* WifiOpenRoaming */,
				BC5CCE522CDBAC9800B0CC26 /* WifiOpenRoamingClip */,
				BCD8BBC12CDC9AE700834AC4 /* Frameworks */,
				BC5CCE202CDBAC1600B0CC26 /* Products */,
			);
			sourceTree = "<group>";
		};
		BC5CCE202CDBAC1600B0CC26 /* Products */ = {
			isa = PBXGroup;
			children = (
				BC5CCE1F2CDBAC1600B0CC26 /* WifiOpenRoaming.app */,
				BC5CCE512CDBAC9800B0CC26 /* WifiOpenRoamingClip.app */,
			);
			name = Products;
			sourceTree = "<group>";
		};
		BCD8BBC12CDC9AE700834AC4 /* Frameworks */ = {
			isa = PBXGroup;
			children = (
			);
			name = Frameworks;
			sourceTree = "<group>";
		};
/* End PBXGroup section */

/* Begin PBXNativeTarget section */
		BC5CCE1E2CDBAC1600B0CC26 /* WifiOpenRoaming */ = {
			isa = PBXNativeTarget;
			buildConfigurationList = BC5CCE2D2CDBAC1700B0CC26 /* Build configuration list for PBXNativeTarget "WifiOpenRoaming" */;
			buildPhases = (
				BC5CCE1B2CDBAC1600B0CC26 /* Sources */,
				BC5CCE1C2CDBAC1600B0CC26 /* Frameworks */,
				BC5CCE1D2CDBAC1600B0CC26 /* Resources */,
				BC5CCE652CDBAC9A00B0CC26 /* Embed App Clips */,
			);
			buildRules = (
			);
			dependencies = (
				BC5CCE5F2CDBAC9A00B0CC26 /* PBXTargetDependency */,
			);
			fileSystemSynchronizedGroups = (
				BC5CCE212CDBAC1600B0CC26 /* WifiOpenRoaming */,
			);
			name = WifiOpenRoaming;
			packageProductDependencies = (
				BC5CCE312CDBAC2E00B0CC26 /* OpenRoaming */,
			);
			productName = WifiOpenRoaming;
			productReference = BC5CCE1F2CDBAC1600B0CC26 /* WifiOpenRoaming.app */;
			productType = "com.apple.product-type.application";
		};
		BC5CCE502CDBAC9800B0CC26 /* WifiOpenRoamingClip */ = {
			isa = PBXNativeTarget;
			buildConfigurationList = BC5CCE622CDBAC9A00B0CC26 /* Build configuration list for PBXNativeTarget "WifiOpenRoamingClip" */;
			buildPhases = (
				BC5CCE4D2CDBAC9800B0CC26 /* Sources */,
				BC5CCE4E2CDBAC9800B0CC26 /* Frameworks */,
				BC5CCE4F2CDBAC9800B0CC26 /* Resources */,
			);
			buildRules = (
			);
			dependencies = (
			);
			fileSystemSynchronizedGroups = (
				BC5CCE522CDBAC9800B0CC26 /* WifiOpenRoamingClip */,
			);
			name = WifiOpenRoamingClip;
			packageProductDependencies = (
				BCD8BBC22CDC9AE700834AC4 /* OpenRoaming */,
			);
			productName = WifiOpenRoamingClip;
			productReference = BC5CCE512CDBAC9800B0CC26 /* WifiOpenRoamingClip.app */;
			productType = "com.apple.product-type.application.on-demand-install-capable";
		};
/* End PBXNativeTarget section */

/* Begin PBXProject section */
		BC5CCE172CDBAC1600B0CC26 /* Project object */ = {
			isa = PBXProject;
			attributes = {
				BuildIndependentTargetsInParallel = 1;
				LastSwiftUpdateCheck = 1610;
				LastUpgradeCheck = 1610;
				TargetAttributes = {
					BC5CCE1E2CDBAC1600B0CC26 = {
						CreatedOnToolsVersion = 16.1;
					};
					BC5CCE502CDBAC9800B0CC26 = {
						CreatedOnToolsVersion = 16.1;
					};
				};
			};
			buildConfigurationList = BC5CCE1A2CDBAC1600B0CC26 /* Build configuration list for PBXProject "WifiOpenRoaming" */;
			developmentRegion = en;
			hasScannedForEncodings = 0;
			knownRegions = (
				en,
				Base,
			);
			mainGroup = BC5CCE162CDBAC1600B0CC26;
			minimizedProjectReferenceProxies = 1;
			packageReferences = (
				BC5CCE302CDBAC2E00B0CC26 /* XCRemoteSwiftPackageReference "DNASpacesSDK-IOS" */,
			);
			preferredProjectObjectVersion = 77;
			productRefGroup = BC5CCE202CDBAC1600B0CC26 /* Products */;
			projectDirPath = "";
			projectRoot = "";
			targets = (
				BC5CCE1E2CDBAC1600B0CC26 /* WifiOpenRoaming */,
				BC5CCE502CDBAC9800B0CC26 /* WifiOpenRoamingClip */,
			);
		};
/* End PBXProject section */

/* Begin PBXResourcesBuildPhase section */
		BC5CCE1D2CDBAC1600B0CC26 /* Resources */ = {
			isa = PBXResourcesBuildPhase;
			buildActionMask = 2147483647;
			files = (
			);
			runOnlyForDeploymentPostprocessing = 0;
		};
		BC5CCE4F2CDBAC9800B0CC26 /* Resources */ = {
			isa = PBXResourcesBuildPhase;
			buildActionMask = 2147483647;
			files = (
			);
			runOnlyForDeploymentPostprocessing = 0;
		};
/* End PBXResourcesBuildPhase section */

/* Begin PBXSourcesBuildPhase section */
		BC5CCE1B2CDBAC1600B0CC26 /* Sources */ = {
			isa = PBXSourcesBuildPhase;
			buildActionMask = 2147483647;
			files = (
			);
			runOnlyForDeploymentPostprocessing = 0;
		};
		BC5CCE4D2CDBAC9800B0CC26 /* Sources */ = {
			isa = PBXSourcesBuildPhase;
			buildActionMask = 2147483647;
			files = (
			);
			runOnlyForDeploymentPostprocessing = 0;
		};
/* End PBXSourcesBuildPhase section */

/* Begin PBXTargetDependency section */
		BC5CCE5F2CDBAC9A00B0CC26 /* PBXTargetDependency */ = {
			isa = PBXTargetDependency;
			target = BC5CCE502CDBAC9800B0CC26 /* WifiOpenRoamingClip */;
			targetProxy = BC5CCE5E2CDBAC9A00B0CC26 /* PBXContainerItemProxy */;
		};
/* End PBXTargetDependency section */

/* Begin XCBuildConfiguration section */
		BC5CCE2B2CDBAC1700B0CC26 /* Debug */ = {
			isa = XCBuildConfiguration;
			buildSettings = {
				ALWAYS_SEARCH_USER_PATHS = NO;
				ASSETCATALOG_COMPILER_GENERATE_SWIFT_ASSET_SYMBOL_EXTENSIONS = YES;
				CLANG_ANALYZER_NONNULL = YES;
				CLANG_ANALYZER_NUMBER_OBJECT_CONVERSION = YES_AGGRESSIVE;
				CLANG_CXX_LANGUAGE_STANDARD = "gnu++20";
				CLANG_ENABLE_MODULES = YES;
				CLANG_ENABLE_OBJC_ARC = YES;
				CLANG_ENABLE_OBJC_WEAK = YES;
				CLANG_WARN_BLOCK_CAPTURE_AUTORELEASING = YES;
				CLANG_WARN_BOOL_CONVERSION = YES;
				CLANG_WARN_COMMA = YES;
				CLANG_WARN_CONSTANT_CONVERSION = YES;
				CLANG_WARN_DEPRECATED_OBJC_IMPLEMENTATIONS = YES;
				CLANG_WARN_DIRECT_OBJC_ISA_USAGE = YES_ERROR;
				CLANG_WARN_DOCUMENTATION_COMMENTS = YES;
				CLANG_WARN_EMPTY_BODY = YES;
				CLANG_WARN_ENUM_CONVERSION = YES;
				CLANG_WARN_INFINITE_RECURSION = YES;
				CLANG_WARN_INT_CONVERSION = YES;
				CLANG_WARN_NON_LITERAL_NULL_CONVERSION = YES;
				CLANG_WARN_OBJC_IMPLICIT_RETAIN_SELF = YES;
				CLANG_WARN_OBJC_LITERAL_CONVERSION = YES;
				CLANG_WARN_OBJC_ROOT_CLASS = YES_ERROR;
				CLANG_WARN_QUOTED_INCLUDE_IN_FRAMEWORK_HEADER = YES;
				CLANG_WARN_RANGE_LOOP_ANALYSIS = YES;
				CLANG_WARN_STRICT_PROTOTYPES = YES;
				CLANG_WARN_SUSPICIOUS_MOVE = YES;
				CLANG_WARN_UNGUARDED_AVAILABILITY = YES_AGGRESSIVE;
				CLANG_WARN_UNREACHABLE_CODE = YES;
				CLANG_WARN__DUPLICATE_METHOD_MATCH = YES;
				COPY_PHASE_STRIP = NO;
				DEBUG_INFORMATION_FORMAT = dwarf;
				ENABLE_STRICT_OBJC_MSGSEND = YES;
				ENABLE_TESTABILITY = YES;
				ENABLE_USER_SCRIPT_SANDBOXING = YES;
				GCC_C_LANGUAGE_STANDARD = gnu17;
				GCC_DYNAMIC_NO_PIC = NO;
				GCC_NO_COMMON_BLOCKS = YES;
				GCC_OPTIMIZATION_LEVEL = 0;
				GCC_PREPROCESSOR_DEFINITIONS = (
					"DEBUG=1",
					"$(inherited)",
				);
				GCC_WARN_64_TO_32_BIT_CONVERSION = YES;
				GCC_WARN_ABOUT_RETURN_TYPE = YES_ERROR;
				GCC_WARN_UNDECLARED_SELECTOR = YES;
				GCC_WARN_UNINITIALIZED_AUTOS = YES_AGGRESSIVE;
				GCC_WARN_UNUSED_FUNCTION = YES;
				GCC_WARN_UNUSED_VARIABLE = YES;
				IPHONEOS_DEPLOYMENT_TARGET = 18.1;
				LOCALIZATION_PREFERS_STRING_CATALOGS = YES;
				MTL_ENABLE_DEBUG_INFO = INCLUDE_SOURCE;
				MTL_FAST_MATH = YES;
				ONLY_ACTIVE_ARCH = YES;
				SDKROOT = iphoneos;
				SWIFT_ACTIVE_COMPILATION_CONDITIONS = "DEBUG $(inherited)";
				SWIFT_OPTIMIZATION_LEVEL = "-Onone";
			};
			name = Debug;
		};
		BC5CCE2C2CDBAC1700B0CC26 /* Release */ = {
			isa = XCBuildConfiguration;
			buildSettings = {
				ALWAYS_SEARCH_USER_PATHS = NO;
				ASSETCATALOG_COMPILER_GENERATE_SWIFT_ASSET_SYMBOL_EXTENSIONS = YES;
				CLANG_ANALYZER_NONNULL = YES;
				CLANG_ANALYZER_NUMBER_OBJECT_CONVERSION = YES_AGGRESSIVE;
				CLANG_CXX_LANGUAGE_STANDARD = "gnu++20";
				CLANG_ENABLE_MODULES = YES;
				CLANG_ENABLE_OBJC_ARC = YES;
				CLANG_ENABLE_OBJC_WEAK = YES;
				CLANG_WARN_BLOCK_CAPTURE_AUTORELEASING = YES;
				CLANG_WARN_BOOL_CONVERSION = YES;
				CLANG_WARN_COMMA = YES;
				CLANG_WARN_CONSTANT_CONVERSION = YES;
				CLANG_WARN_DEPRECATED_OBJC_IMPLEMENTATIONS = YES;
				CLANG_WARN_DIRECT_OBJC_ISA_USAGE = YES_ERROR;
				CLANG_WARN_DOCUMENTATION_COMMENTS = YES;
				CLANG_WARN_EMPTY_BODY = YES;
				CLANG_WARN_ENUM_CONVERSION = YES;
				CLANG_WARN_INFINITE_RECURSION = YES;
				CLANG_WARN_INT_CONVERSION = YES;
				CLANG_WARN_NON_LITERAL_NULL_CONVERSION = YES;
				CLANG_WARN_OBJC_IMPLICIT_RETAIN_SELF = YES;
				CLANG_WARN_OBJC_LITERAL_CONVERSION = YES;
				CLANG_WARN_OBJC_ROOT_CLASS = YES_ERROR;
				CLANG_WARN_QUOTED_INCLUDE_IN_FRAMEWORK_HEADER = YES;
				CLANG_WARN_RANGE_LOOP_ANALYSIS = YES;
				CLANG_WARN_STRICT_PROTOTYPES = YES;
				CLANG_WARN_SUSPICIOUS_MOVE = YES;
				CLANG_WARN_UNGUARDED_AVAILABILITY = YES_AGGRESSIVE;
				CLANG_WARN_UNREACHABLE_CODE = YES;
				CLANG_WARN__DUPLICATE_METHOD_MATCH = YES;
				COPY_PHASE_STRIP = NO;
				DEBUG_INFORMATION_FORMAT = "dwarf-with-dsym";
				ENABLE_NS_ASSERTIONS = NO;
				ENABLE_STRICT_OBJC_MSGSEND = YES;
				ENABLE_USER_SCRIPT_SANDBOXING = YES;
				GCC_C_LANGUAGE_STANDARD = gnu17;
				GCC_NO_COMMON_BLOCKS = YES;
				GCC_WARN_64_TO_32_BIT_CONVERSION = YES;
				GCC_WARN_ABOUT_RETURN_TYPE = YES_ERROR;
				GCC_WARN_UNDECLARED_SELECTOR = YES;
				GCC_WARN_UNINITIALIZED_AUTOS = YES_AGGRESSIVE;
				GCC_WARN_UNUSED_FUNCTION = YES;
				GCC_WARN_UNUSED_VARIABLE = YES;
				IPHONEOS_DEPLOYMENT_TARGET = 18.1;
				LOCALIZATION_PREFERS_STRING_CATALOGS = YES;
				MTL_ENABLE_DEBUG_INFO = NO;
				MTL_FAST_MATH = YES;
				SDKROOT = iphoneos;
				SWIFT_COMPILATION_MODE = wholemodule;
				VALIDATE_PRODUCT = YES;
			};
			name = Release;
		};
		BC5CCE2E2CDBAC1700B0CC26 /* Debug */ = {
			isa = XCBuildConfiguration;
			buildSettings = {
				ASSETCATALOG_COMPILER_APPICON_NAME = AppIcon;
				ASSETCATALOG_COMPILER_GLOBAL_ACCENT_COLOR_NAME = AccentColor;
				CODE_SIGN_ENTITLEMENTS = WifiOpenRoaming/WifiOpenRoaming.entitlements;
				CODE_SIGN_IDENTITY = "Apple Development";
				CODE_SIGN_STYLE = Automatic;
				CURRENT_PROJECT_VERSION = 1;
				DEVELOPMENT_ASSET_PATHS = "\"WifiOpenRoaming/Preview Content\"";
				DEVELOPMENT_TEAM = JM8BMXQ5NG;
				ENABLE_PREVIEWS = YES;
				GENERATE_INFOPLIST_FILE = YES;
				INFOPLIST_KEY_UIApplicationSceneManifest_Generation = YES;
				INFOPLIST_KEY_UIApplicationSupportsIndirectInputEvents = YES;
				INFOPLIST_KEY_UILaunchScreen_Generation = YES;
				INFOPLIST_KEY_UISupportedInterfaceOrientations_iPad = "UIInterfaceOrientationPortrait UIInterfaceOrientationPortraitUpsideDown UIInterfaceOrientationLandscapeLeft UIInterfaceOrientationLandscapeRight";
				INFOPLIST_KEY_UISupportedInterfaceOrientations_iPhone = "UIInterfaceOrientationPortrait UIInterfaceOrientationLandscapeLeft UIInterfaceOrientationLandscapeRight";
				IPHONEOS_DEPLOYMENT_TARGET = 17.6;
				LD_RUNPATH_SEARCH_PATHS = (
					"$(inherited)",
					"@executable_path/Frameworks",
				);
				MARKETING_VERSION = 1.0;
				PRODUCT_BUNDLE_IDENTIFIER = com.inditex.openroaming;
				PRODUCT_NAME = "$(TARGET_NAME)";
				PROVISIONING_PROFILE_SPECIFIER = "";
				SWIFT_EMIT_LOC_STRINGS = YES;
				SWIFT_VERSION = 5.0;
				TARGETED_DEVICE_FAMILY = "1,2";
			};
			name = Debug;
		};
		BC5CCE2F2CDBAC1700B0CC26 /* Release */ = {
			isa = XCBuildConfiguration;
			buildSettings = {
				ASSETCATALOG_COMPILER_APPICON_NAME = AppIcon;
				ASSETCATALOG_COMPILER_GLOBAL_ACCENT_COLOR_NAME = AccentColor;
				CODE_SIGN_ENTITLEMENTS = WifiOpenRoaming/WifiOpenRoaming.entitlements;
				CODE_SIGN_IDENTITY = "Apple Development";
				CODE_SIGN_STYLE = Automatic;
				CURRENT_PROJECT_VERSION = 1;
				DEVELOPMENT_ASSET_PATHS = "\"WifiOpenRoaming/Preview Content\"";
				DEVELOPMENT_TEAM = JM8BMXQ5NG;
				ENABLE_PREVIEWS = YES;
				GENERATE_INFOPLIST_FILE = YES;
				INFOPLIST_KEY_UIApplicationSceneManifest_Generation = YES;
				INFOPLIST_KEY_UIApplicationSupportsIndirectInputEvents = YES;
				INFOPLIST_KEY_UILaunchScreen_Generation = YES;
				INFOPLIST_KEY_UISupportedInterfaceOrientations_iPad = "UIInterfaceOrientationPortrait UIInterfaceOrientationPortraitUpsideDown UIInterfaceOrientationLandscapeLeft UIInterfaceOrientationLandscapeRight";
				INFOPLIST_KEY_UISupportedInterfaceOrientations_iPhone = "UIInterfaceOrientationPortrait UIInterfaceOrientationLandscapeLeft UIInterfaceOrientationLandscapeRight";
				IPHONEOS_DEPLOYMENT_TARGET = 17.6;
				LD_RUNPATH_SEARCH_PATHS = (
					"$(inherited)",
					"@executable_path/Frameworks",
				);
				MARKETING_VERSION = 1.0;
				PRODUCT_BUNDLE_IDENTIFIER = com.inditex.openroaming;
				PRODUCT_NAME = "$(TARGET_NAME)";
				PROVISIONING_PROFILE_SPECIFIER = "";
				SWIFT_EMIT_LOC_STRINGS = YES;
				SWIFT_VERSION = 5.0;
				TARGETED_DEVICE_FAMILY = "1,2";
			};
			name = Release;
		};
		BC5CCE632CDBAC9A00B0CC26 /* Debug */ = {
			isa = XCBuildConfiguration;
			buildSettings = {
				ASSETCATALOG_COMPILER_APPICON_NAME = AppIcon;
				ASSETCATALOG_COMPILER_GLOBAL_ACCENT_COLOR_NAME = AccentColor;
				CODE_SIGN_ENTITLEMENTS = WifiOpenRoamingClip/WifiOpenRoamingClip.entitlements;
				CODE_SIGN_IDENTITY = "Apple Development";
				CODE_SIGN_STYLE = Automatic;
				CURRENT_PROJECT_VERSION = 1;
				DEVELOPMENT_ASSET_PATHS = "\"WifiOpenRoamingClip/Preview Content\"";
				DEVELOPMENT_TEAM = JM8BMXQ5NG;
				ENABLE_PREVIEWS = YES;
				GENERATE_INFOPLIST_FILE = YES;
				INFOPLIST_FILE = WifiOpenRoamingClip/Info.plist;
				INFOPLIST_KEY_CFBundleDisplayName = WifiOpenRoaming;
				INFOPLIST_KEY_UIApplicationSceneManifest_Generation = YES;
				INFOPLIST_KEY_UIApplicationSupportsIndirectInputEvents = YES;
				INFOPLIST_KEY_UILaunchScreen_Generation = YES;
				INFOPLIST_KEY_UISupportedInterfaceOrientations_iPad = "UIInterfaceOrientationPortrait UIInterfaceOrientationPortraitUpsideDown UIInterfaceOrientationLandscapeLeft UIInterfaceOrientationLandscapeRight";
				INFOPLIST_KEY_UISupportedInterfaceOrientations_iPhone = "UIInterfaceOrientationPortrait UIInterfaceOrientationLandscapeLeft UIInterfaceOrientationLandscapeRight";
				IPHONEOS_DEPLOYMENT_TARGET = 17.6;
				LD_RUNPATH_SEARCH_PATHS = (
					"$(inherited)",
					"@executable_path/Frameworks",
				);
				MARKETING_VERSION = 1.0;
				PRODUCT_BUNDLE_IDENTIFIER = com.inditex.openroaming.Clip;
				PRODUCT_NAME = "$(TARGET_NAME)";
				PROVISIONING_PROFILE_SPECIFIER = "";
				SWIFT_ACTIVE_COMPILATION_CONDITIONS = "AppClip DEBUG";
				SWIFT_EMIT_LOC_STRINGS = YES;
				SWIFT_VERSION = 5.0;
				TARGETED_DEVICE_FAMILY = "1,2";
			};
			name = Debug;
		};
		BC5CCE642CDBAC9A00B0CC26 /* Release */ = {
			isa = XCBuildConfiguration;
			buildSettings = {
				ASSETCATALOG_COMPILER_APPICON_NAME = AppIcon;
				ASSETCATALOG_COMPILER_GLOBAL_ACCENT_COLOR_NAME = AccentColor;
				CODE_SIGN_ENTITLEMENTS = WifiOpenRoamingClip/WifiOpenRoamingClip.entitlements;
				CODE_SIGN_IDENTITY = "Apple Development";
				CODE_SIGN_STYLE = Automatic;
				CURRENT_PROJECT_VERSION = 1;
				DEVELOPMENT_ASSET_PATHS = "\"WifiOpenRoamingClip/Preview Content\"";
				DEVELOPMENT_TEAM = JM8BMXQ5NG;
				ENABLE_PREVIEWS = YES;
				GENERATE_INFOPLIST_FILE = YES;
				INFOPLIST_FILE = WifiOpenRoamingClip/Info.plist;
				INFOPLIST_KEY_CFBundleDisplayName = WifiOpenRoaming;
				INFOPLIST_KEY_UIApplicationSceneManifest_Generation = YES;
				INFOPLIST_KEY_UIApplicationSupportsIndirectInputEvents = YES;
				INFOPLIST_KEY_UILaunchScreen_Generation = YES;
				INFOPLIST_KEY_UISupportedInterfaceOrientations_iPad = "UIInterfaceOrientationPortrait UIInterfaceOrientationPortraitUpsideDown UIInterfaceOrientationLandscapeLeft UIInterfaceOrientationLandscapeRight";
				INFOPLIST_KEY_UISupportedInterfaceOrientations_iPhone = "UIInterfaceOrientationPortrait UIInterfaceOrientationLandscapeLeft UIInterfaceOrientationLandscapeRight";
				IPHONEOS_DEPLOYMENT_TARGET = 17.6;
				LD_RUNPATH_SEARCH_PATHS = (
					"$(inherited)",
					"@executable_path/Frameworks",
				);
				MARKETING_VERSION = 1.0;
				PRODUCT_BUNDLE_IDENTIFIER = com.inditex.openroaming.Clip;
				PRODUCT_NAME = "$(TARGET_NAME)";
				PROVISIONING_PROFILE_SPECIFIER = "";
				SWIFT_ACTIVE_COMPILATION_CONDITIONS = AppClip;
				SWIFT_EMIT_LOC_STRINGS = YES;
				SWIFT_VERSION = 5.0;
				TARGETED_DEVICE_FAMILY = "1,2";
			};
			name = Release;
		};
/* End XCBuildConfiguration section */

/* Begin XCConfigurationList section */
		BC5CCE1A2CDBAC1600B0CC26 /* Build configuration list for PBXProject "WifiOpenRoaming" */ = {
			isa = XCConfigurationList;
			buildConfigurations = (
				BC5CCE2B2CDBAC1700B0CC26 /* Debug */,
				BC5CCE2C2CDBAC1700B0CC26 /* Release */,
			);
			defaultConfigurationIsVisible = 0;
			defaultConfigurationName = Release;
		};
		BC5CCE2D2CDBAC1700B0CC26 /* Build configuration list for PBXNativeTarget "WifiOpenRoaming" */ = {
			isa = XCConfigurationList;
			buildConfigurations = (
				BC5CCE2E2CDBAC1700B0CC26 /* Debug */,
				BC5CCE2F2CDBAC1700B0CC26 /* Release */,
			);
			defaultConfigurationIsVisible = 0;
			defaultConfigurationName = Release;
		};
		BC5CCE622CDBAC9A00B0CC26 /* Build configuration list for PBXNativeTarget "WifiOpenRoamingClip" */ = {
			isa = XCConfigurationList;
			buildConfigurations = (
				BC5CCE632CDBAC9A00B0CC26 /* Debug */,
				BC5CCE642CDBAC9A00B0CC26 /* Release */,
			);
			defaultConfigurationIsVisible = 0;
			defaultConfigurationName = Release;
		};
/* End XCConfigurationList section */

/* Begin XCRemoteSwiftPackageReference section */
		BC5CCE302CDBAC2E00B0CC26 /* XCRemoteSwiftPackageReference "DNASpacesSDK-IOS" */ = {
			isa = XCRemoteSwiftPackageReference;
			repositoryURL = "https://github.com/CiscoDevNet/DNASpacesSDK-IOS";
			requirement = {
				kind = exactVersion;
				version = 1.1.10;
			};
		};
/* End XCRemoteSwiftPackageReference section */

/* Begin XCSwiftPackageProductDependency section */
		BC5CCE312CDBAC2E00B0CC26 /* OpenRoaming */ = {
			isa = XCSwiftPackageProductDependency;
			package = BC5CCE302CDBAC2E00B0CC26 /* XCRemoteSwiftPackageReference "DNASpacesSDK-IOS" */;
			productName = OpenRoaming;
		};
		BCD8BBC22CDC9AE700834AC4 /* OpenRoaming */ = {
			isa = XCSwiftPackageProductDependency;
			package = BC5CCE302CDBAC2E00B0CC26 /* XCRemoteSwiftPackageReference "DNASpacesSDK-IOS" */;
			productName = OpenRoaming;
		};
/* End XCSwiftPackageProductDependency section */
	};
	rootObject = BC5CCE172CDBAC1600B0CC26 /* Project object */;
}
